
Microsoft Visual Studio Solution File, Format Version 12.00
# Visual Studio Version 17
VisualStudioVersion = 17.5.33516.290
MinimumVisualStudioVersion = 10.0.40219.1
Project("{FAE04EC0-301F-11D3-BF4B-00C04F79EFBC}") = "lab7", "lab7\lab7.csproj", "{C34BAEA4-2E64-434C-A827-9A4E03FB75B7}"
EndProject
Global
	GlobalSection(SolutionConfigurationPlatforms) = preSolution
		Debug|Any CPU = Debug|Any CPU
		Release|Any CPU = Release|Any CPU
	EndGlobalSection
	GlobalSection(ProjectConfigurationPlatforms) = postSolution
		{C34BAEA4-2E64-434C-A827-9A4E03FB75B7}.Debug|Any CPU.ActiveCfg = Debug|Any CPU
		{C34BAEA4-2E64-434C-A827-9A4E03FB75B7}.Debug|Any CPU.Build.0 = Debug|Any CPU
		{C34BAEA4-2E64-434C-A827-9A4E03FB75B7}.Release|Any CPU.ActiveCfg = Release|Any CPU
		{C34BAEA4-2E64-434C-A827-9A4E03FB75B7}.Release|Any CPU.Build.0 = Release|Any CPU
	EndGlobalSection
	GlobalSection(SolutionProperties) = preSolution
		HideSolutionNode = FALSE
	EndGlobalSection
	GlobalSection(ExtensibilityGlobals) = postSolution
		SolutionGuid = {9B872BF3-FE8D-4F01-95C7-5FCF9547039D}
	EndGlobalSection
EndGlobal
